// !$*UTF8*$!
{
	archiveVersion = 1;
	classes = {
	};
	objectVersion = 46;
	objects = {

/* Begin PBXBuildFile section */
		04E967421D250CE200BDB905 /* main.m in Sources */ = {isa = PBXBuildFile; fileRef = 04E967411D250CE200BDB905 /* main.m */; };
		04E967451D250CE200BDB905 /* AppDelegate.m in Sources */ = {isa = PBXBuildFile; fileRef = 04E967441D250CE200BDB905 /* AppDelegate.m */; };
		04E967481D250CE200BDB905 /* ViewController.m in Sources */ = {isa = PBXBuildFile; fileRef = 04E967471D250CE200BDB905 /* ViewController.m */; };
		04E9674B1D250CE200BDB905 /* Main.storyboard in Resources */ = {isa = PBXBuildFile; fileRef = 04E967491D250CE200BDB905 /* Main.storyboard */; };
		04E9674D1D250CE200BDB905 /* Assets.xcassets in Resources */ = {isa = PBXBuildFile; fileRef = 04E9674C1D250CE200BDB905 /* Assets.xcassets */; };
		04E967501D250CE200BDB905 /* LaunchScreen.storyboard in Resources */ = {isa = PBXBuildFile; fileRef = 04E9674E1D250CE200BDB905 /* LaunchScreen.storyboard */; };
		04E9675B1D250CE200BDB905 /* testTests.m in Sources */ = {isa = PBXBuildFile; fileRef = 04E9675A1D250CE200BDB905 /* testTests.m */; };
		04E967661D250CE200BDB905 /* testUITests.m in Sources */ = {isa = PBXBuildFile; fileRef = 04E967651D250CE200BDB905 /* testUITests.m */; };
/* End PBXBuildFile section */

/* Begin PBXContainerItemProxy section */
		04E967571D250CE200BDB905 /* PBXContainerItemProxy */ = {
			isa = PBXContainerItemProxy;
			containerPortal = 04E967351D250CE100BDB905 /* Project object */;
			proxyType = 1;
			remoteGlobalIDString = 04E9673C1D250CE200BDB905;
			remoteInfo = test;
		};
		04E967621D250CE200BDB905 /* PBXContainerItemProxy */ = {
			isa = PBXContainerItemProxy;
			containerPortal = 04E967351D250CE100BDB905 /* Project object */;
			proxyType = 1;
			remoteGlobalIDString = 04E9673C1D250CE200BDB905;
			remoteInfo = test;
		};
/* End PBXContainerItemProxy section */

/* Begin PBXFileReference section */
		04E9673D1D250CE200BDB905 /* test.app */ = {isa = PBXFileReference; explicitFileType = wrapper.application; includeInIndex = 0; path = test.app; sourceTree = BUILT_PRODUCTS_DIR; };
		04E967411D250CE200BDB905 /* main.m */ = {isa = PBXFileReference; lastKnownFileType = sourcecode.c.objc; path = main.m; sourceTree = "<group>"; };
		04E967431D250CE200BDB905 /* AppDelegate.h */ = {isa = PBXFileReference; lastKnownFileType = sourcecode.c.h; path = AppDelegate.h; sourceTree = "<group>"; };
		04E967441D250CE200BDB905 /* AppDelegate.m */ = {isa = PBXFileReference; lastKnownFileType = sourcecode.c.objc; path = AppDelegate.m; sourceTree = "<group>"; };
		04E967461D250CE200BDB905 /* ViewController.h */ = {isa = PBXFileReference; lastKnownFileType = sourcecode.c.h; path = ViewController.h; sourceTree = "<group>"; };
		04E967471D250CE200BDB905 /* ViewController.m */ = {isa = PBXFileReference; lastKnownFileType = sourcecode.c.objc; path = ViewController.m; sourceTree = "<group>"; };
		04E9674A1D250CE200BDB905 /* Base */ = {isa = PBXFileReference; lastKnownFileType = file.storyboard; name = Base; path = Base.lproj/Main.storyboard; sourceTree = "<group>"; };
		04E9674C1D250CE200BDB905 /* Assets.xcassets */ = {isa = PBXFileReference; lastKnownFileType = folder.assetcatalog; path = Assets.xcassets; sourceTree = "<group>"; };
		04E9674F1D250CE200BDB905 /* Base */ = {isa = PBXFileReference; lastKnownFileType = file.storyboard; name = Base; path = Base.lproj/LaunchScreen.storyboard; sourceTree = "<group>"; };
		04E967511D250CE200BDB905 /* Info.plist */ = {isa = PBXFileReference; lastKnownFileType = text.plist.xml; path = Info.plist; sourceTree = "<group>"; };
		04E967561D250CE200BDB905 /* testTests.xctest */ = {isa = PBXFileReference; explicitFileType = wrapper.cfbundle; includeInIndex = 0; path = testTests.xctest; sourceTree = BUILT_PRODUCTS_DIR; };
		04E9675A1D250CE200BDB905 /* testTests.m */ = {isa = PBXFileReference; lastKnownFileType = sourcecode.c.objc; path = testTests.m; sourceTree = "<group>"; };
		04E9675C1D250CE200BDB905 /* Info.plist */ = {isa = PBXFileReference; lastKnownFileType = text.plist.xml; path = Info.plist; sourceTree = "<group>"; };
		04E967611D250CE200BDB905 /* testUITests.xctest */ = {isa = PBXFileReference; explicitFileType = wrapper.cfbundle; includeInIndex = 0; path = testUITests.xctest; sourceTree = BUILT_PRODUCTS_DIR; };
		04E967651D250CE200BDB905 /* testUITests.m */ = {isa = PBXFileReference; lastKnownFileType = sourcecode.c.objc; path = testUITests.m; sourceTree = "<group>"; };
		04E967671D250CE200BDB905 /* Info.plist */ = {isa = PBXFileReference; lastKnownFileType = text.plist.xml; path = Info.plist; sourceTree = "<group>"; };
/* End PBXFileReference section */

/* Begin PBXFrameworksBuildPhase section */
		04E9673A1D250CE200BDB905 /* Frameworks */ = {
			isa = PBXFrameworksBuildPhase;
			buildActionMask = 2147483647;
			files = (
			);
			runOnlyForDeploymentPostprocessing = 0;
		};
		04E967531D250CE200BDB905 /* Frameworks */ = {
			isa = PBXFrameworksBuildPhase;
			buildActionMask = 2147483647;
			files = (
			);
			runOnlyForDeploymentPostprocessing = 0;
		};
		04E9675E1D250CE200BDB905 /* Frameworks */ = {
			isa = PBXFrameworksBuildPhase;
			buildActionMask = 2147483647;
			files = (
			);
			runOnlyForDeploymentPostprocessing = 0;
		};
/* End PBXFrameworksBuildPhase section */

/* Begin PBXGroup section */
		04E967341D250CE100BDB905 = {
			isa = PBXGroup;
			children = (
				04E9673F1D250CE200BDB905 /* test */,
				04E967591D250CE200BDB905 /* testTests */,
				04E967641D250CE200BDB905 /* testUITests */,
				04E9673E1D250CE200BDB905 /* Products */,
			);
			sourceTree = "<group>";
		};
		04E9673E1D250CE200BDB905 /* Products */ = {
			isa = PBXGroup;
			children = (
				04E9673D1D250CE200BDB905 /* test.app */,
				04E967561D250CE200BDB905 /* testTests.xctest */,
				04E967611D250CE200BDB905 /* testUITests.xctest */,
			);
			name = Products;
			sourceTree = "<group>";
		};
		04E9673F1D250CE200BDB905 /* test */ = {
			isa = PBXGroup;
			children = (
				04E967431D250CE200BDB905 /* AppDelegate.h */,
				04E967441D250CE200BDB905 /* AppDelegate.m */,
				04E967461D250CE200BDB905 /* ViewController.h */,
				04E967471D250CE200BDB905 /* ViewController.m */,
				04E967491D250CE200BDB905 /* Main.storyboard */,
				04E9674C1D250CE200BDB905 /* Assets.xcassets */,
				04E9674E1D250CE200BDB905 /* LaunchScreen.storyboard */,
				04E967511D250CE200BDB905 /* Info.plist */,
				04E967401D250CE200BDB905 /* Supporting Files */,
			);
			path = test;
			sourceTree = "<group>";
		};
		04E967401D250CE200BDB905 /* Supporting Files */ = {
			isa = PBXGroup;
			children = (
				04E967411D250CE200BDB905 /* main.m */,
			);
			name = "Supporting Files";
			sourceTree = "<group>";
		};
		04E967591D250CE200BDB905 /* testTests */ = {
			isa = PBXGroup;
			children = (
				04E9675A1D250CE200BDB905 /* testTests.m */,
				04E9675C1D250CE200BDB905 /* Info.plist */,
			);
			path = testTests;
			sourceTree = "<group>";
		};
		04E967641D250CE200BDB905 /* testUITests */ = {
			isa = PBXGroup;
			children = (
				04E967651D250CE200BDB905 /* testUITests.m */,
				04E967671D250CE200BDB905 /* Info.plist */,
			);
			path = testUITests;
			sourceTree = "<group>";
		};
/* End PBXGroup section */

/* Begin PBXNativeTarget section */
		04E9673C1D250CE200BDB905 /* test */ = {
			isa = PBXNativeTarget;
			buildConfigurationList = 04E9676A1D250CE200BDB905 /* Build configuration list for PBXNativeTarget "test" */;
			buildPhases = (
				04E967391D250CE200BDB905 /* Sources */,
				04E9673A1D250CE200BDB905 /* Frameworks */,
				04E9673B1D250CE200BDB905 /* Resources */,
			);
			buildRules = (
			);
			dependencies = (
			);
			name = test;
			productName = test;
			productReference = 04E9673D1D250CE200BDB905 /* test.app */;
			productType = "com.apple.product-type.application";
		};
		04E967551D250CE200BDB905 /* testTests */ = {
			isa = PBXNativeTarget;
			buildConfigurationList = 04E9676D1D250CE200BDB905 /* Build configuration list for PBXNativeTarget "testTests" */;
			buildPhases = (
				04E967521D250CE200BDB905 /* Sources */,
				04E967531D250CE200BDB905 /* Frameworks */,
				04E967541D250CE200BDB905 /* Resources */,
			);
			buildRules = (
			);
			dependencies = (
				04E967581D250CE200BDB905 /* PBXTargetDependency */,
			);
			name = testTests;
			productName = testTests;
			productReference = 04E967561D250CE200BDB905 /* testTests.xctest */;
			productType = "com.apple.product-type.bundle.unit-test";
		};
		04E967601D250CE200BDB905 /* testUITests */ = {
			isa = PBXNativeTarget;
			buildConfigurationList = 04E967701D250CE200BDB905 /* Build configuration list for PBXNativeTarget "testUITests" */;
			buildPhases = (
				04E9675D1D250CE200BDB905 /* Sources */,
				04E9675E1D250CE200BDB905 /* Frameworks */,
				04E9675F1D250CE200BDB905 /* Resources */,
			);
			buildRules = (
			);
			dependencies = (
				04E967631D250CE200BDB905 /* PBXTargetDependency */,
			);
			name = testUITests;
			productName = testUITests;
			productReference = 04E967611D250CE200BDB905 /* testUITests.xctest */;
			productType = "com.apple.product-type.bundle.ui-testing";
		};
/* End PBXNativeTarget section */

/* Begin PBXProject section */
		04E967351D250CE100BDB905 /* Project object */ = {
			isa = PBXProject;
			attributes = {
				LastUpgradeCheck = 0720;
				ORGANIZATIONNAME = zhiyou;
				TargetAttributes = {
					04E9673C1D250CE200BDB905 = {
						CreatedOnToolsVersion = 7.2;
						DevelopmentTeam = PB33AY9R52;
					};
					04E967551D250CE200BDB905 = {
						CreatedOnToolsVersion = 7.2;
						DevelopmentTeam = PB33AY9R52;
						TestTargetID = 04E9673C1D250CE200BDB905;
					};
					04E967601D250CE200BDB905 = {
						CreatedOnToolsVersion = 7.2;
						DevelopmentTeam = PB33AY9R52;
						TestTargetID = 04E9673C1D250CE200BDB905;
					};
				};
			};
			buildConfigurationList = 04E967381D250CE100BDB905 /* Build configuration list for PBXProject "test" */;
			compatibilityVersion = "Xcode 3.2";
			developmentRegion = English;
			hasScannedForEncodings = 0;
			knownRegions = (
				en,
				Base,
			);
			mainGroup = 04E967341D250CE100BDB905;
			productRefGroup = 04E9673E1D250CE200BDB905 /* Products */;
			projectDirPath = "";
			projectRoot = "";
			targets = (
				04E9673C1D250CE200BDB905 /* test */,
				04E967551D250CE200BDB905 /* testTests */,
				04E967601D250CE200BDB905 /* testUITests */,
			);
		};
/* End PBXProject section */

/* Begin PBXResourcesBuildPhase section */
		04E9673B1D250CE200BDB905 /* Resources */ = {
			isa = PBXResourcesBuildPhase;
			buildActionMask = 2147483647;
			files = (
				04E967501D250CE200BDB905 /* LaunchScreen.storyboard in Resources */,
				04E9674D1D250CE200BDB905 /* Assets.xcassets in Resources */,
				04E9674B1D250CE200BDB905 /* Main.storyboard in Resources */,
			);
			runOnlyForDeploymentPostprocessing = 0;
		};
		04E967541D250CE200BDB905 /* Resources */ = {
			isa = PBXResourcesBuildPhase;
			buildActionMask = 2147483647;
			files = (
			);
			runOnlyForDeploymentPostprocessing = 0;
		};
		04E9675F1D250CE200BDB905 /* Resources */ = {
			isa = PBXResourcesBuildPhase;
			buildActionMask = 2147483647;
			files = (
			);
			runOnlyForDeploymentPostprocessing = 0;
		};
/* End PBXResourcesBuildPhase section */

/* Begin PBXSourcesBuildPhase section */
		04E967391D250CE200BDB905 /* Sources */ = {
			isa = PBXSourcesBuildPhase;
			buildActionMask = 2147483647;
			files = (
				04E967481D250CE200BDB905 /* ViewController.m in Sources */,
				04E967451D250CE200BDB905 /* AppDelegate.m in Sources */,
				04E967421D250CE200BDB905 /* main.m in Sources */,
			);
			runOnlyForDeploymentPostprocessing = 0;
		};
		04E967521D250CE200BDB905 /* Sources */ = {
			isa = PBXSourcesBuildPhase;
			buildActionMask = 2147483647;
			files = (
				04E9675B1D250CE200BDB905 /* testTests.m in Sources */,
			);
			runOnlyForDeploymentPostprocessing = 0;
		};
		04E9675D1D250CE200BDB905 /* Sources */ = {
			isa = PBXSourcesBuildPhase;
			buildActionMask = 2147483647;
			files = (
				04E967661D250CE200BDB905 /* testUITests.m in Sources */,
			);
			runOnlyForDeploymentPostprocessing = 0;
		};
/* End PBXSourcesBuildPhase section */

/* Begin PBXTargetDependency section */
		04E967581D250CE200BDB905 /* PBXTargetDependency */ = {
			isa = PBXTargetDependency;
			target = 04E9673C1D250CE200BDB905 /* test */;
			targetProxy = 04E967571D250CE200BDB905 /* PBXContainerItemProxy */;
		};
		04E967631D250CE200BDB905 /* PBXTargetDependency */ = {
			isa = PBXTargetDependency;
			target = 04E9673C1D250CE200BDB905 /* test */;
			targetProxy = 04E967621D250CE200BDB905 /* PBXContainerItemProxy */;
		};
/* End PBXTargetDependency section */

/* Begin PBXVariantGroup section */
		04E967491D250CE200BDB905 /* Main.storyboard */ = {
			isa = PBXVariantGroup;
			children = (
				04E9674A1D250CE200BDB905 /* Base */,
			);
			name = Main.storyboard;
			sourceTree = "<group>";
		};
		04E9674E1D250CE200BDB905 /* LaunchScreen.storyboard */ = {
			isa = PBXVariantGroup;
			children = (
				04E9674F1D250CE200BDB905 /* Base */,
			);
			name = LaunchScreen.storyboard;
			sourceTree = "<group>";
		};
/* End PBXVariantGroup section */

/* Begin XCBuildConfiguration section */
		04E967681D250CE200BDB905 /* Debug */ = {
			isa = XCBuildConfiguration;
			buildSettings = {
				ALWAYS_SEARCH_USER_PATHS = NO;
				CLANG_CXX_LANGUAGE_STANDARD = "gnu++0x";
				CLANG_CXX_LIBRARY = "libc++";
				CLANG_ENABLE_MODULES = YES;
				CLANG_ENABLE_OBJC_ARC = YES;
				CLANG_WARN_BOOL_CONVERSION = YES;
				CLANG_WARN_CONSTANT_CONVERSION = YES;
				CLANG_WARN_DIRECT_OBJC_ISA_USAGE = YES_ERROR;
				CLANG_WARN_EMPTY_BODY = YES;
				CLANG_WARN_ENUM_CONVERSION = YES;
				CLANG_WARN_INT_CONVERSION = YES;
				CLANG_WARN_OBJC_ROOT_CLASS = YES_ERROR;
				CLANG_WARN_UNREACHABLE_CODE = YES;
				CLANG_WARN__DUPLICATE_METHOD_MATCH = YES;
				"CODE_SIGN_IDENTITY[sdk=iphoneos*]" = "iPhone Developer";
				COPY_PHASE_STRIP = NO;
				DEBUG_INFORMATION_FORMAT = dwarf;
				ENABLE_STRICT_OBJC_MSGSEND = YES;
				ENABLE_TESTABILITY = YES;
				GCC_C_LANGUAGE_STANDARD = gnu99;
				GCC_DYNAMIC_NO_PIC = NO;
				GCC_NO_COMMON_BLOCKS = YES;
				GCC_OPTIMIZATION_LEVEL = 0;
				GCC_PREPROCESSOR_DEFINITIONS = (
					"DEBUG=1",
					"$(inherited)",
				);
				GCC_WARN_64_TO_32_BIT_CONVERSION = YES;
				GCC_WARN_ABOUT_RETURN_TYPE = YES_ERROR;
				GCC_WARN_UNDECLARED_SELECTOR = YES;
				GCC_WARN_UNINITIALIZED_AUTOS = YES_AGGRESSIVE;
				GCC_WARN_UNUSED_FUNCTION = YES;
				GCC_WARN_UNUSED_VARIABLE = YES;
				IPHONEOS_DEPLOYMENT_TARGET = 9.2;
				MTL_ENABLE_DEBUG_INFO = YES;
				ONLY_ACTIVE_ARCH = YES;
				SDKROOT = iphoneos;
			};
			name = Debug;
		};
		04E967691D250CE200BDB905 /* Release */ = {
			isa = XCBuildConfiguration;
			buildSettings = {
				ALWAYS_SEARCH_USER_PATHS = NO;
				CLANG_CXX_LANGUAGE_STANDARD = "gnu++0x";
				CLANG_CXX_LIBRARY = "libc++";
				CLANG_ENABLE_MODULES = YES;
				CLANG_ENABLE_OBJC_ARC = YES;
				CLANG_WARN_BOOL_CONVERSION = YES;
				CLANG_WARN_CONSTANT_CONVERSION = YES;
				CLANG_WARN_DIRECT_OBJC_ISA_USAGE = YES_ERROR;
				CLANG_WARN_EMPTY_BODY = YES;
				CLANG_WARN_ENUM_CONVERSION = YES;
				CLANG_WARN_INT_CONVERSION = YES;
				CLANG_WARN_OBJC_ROOT_CLASS = YES_ERROR;
				CLANG_WARN_UNREACHABLE_CODE = YES;
				CLANG_WARN__DUPLICATE_METHOD_MATCH = YES;
				"CODE_SIGN_IDENTITY[sdk=iphoneos*]" = "iPhone Developer";
				COPY_PHASE_STRIP = NO;
				DEBUG_INFORMATION_FORMAT = "dwarf-with-dsym";
				ENABLE_NS_ASSERTIONS = NO;
				ENABLE_STRICT_OBJC_MSGSEND = YES;
				GCC_C_LANGUAGE_STANDARD = gnu99;
				GCC_NO_COMMON_BLOCKS = YES;
				GCC_WARN_64_TO_32_BIT_CONVERSION = YES;
				GCC_WARN_ABOUT_RETURN_TYPE = YES_ERROR;
				GCC_WARN_UNDECLARED_SELECTOR = YES;
				GCC_WARN_UNINITIALIZED_AUTOS = YES_AGGRESSIVE;
				GCC_WARN_UNUSED_FUNCTION = YES;
				GCC_WARN_UNUSED_VARIABLE = YES;
				IPHONEOS_DEPLOYMENT_TARGET = 9.2;
				MTL_ENABLE_DEBUG_INFO = NO;
				SDKROOT = iphoneos;
				VALIDATE_PRODUCT = YES;
			};
			name = Release;
		};
		04E9676B1D250CE200BDB905 /* Debug */ = {
			isa = XCBuildConfiguration;
			buildSettings = {
				ASSETCATALOG_COMPILER_APPICON_NAME = AppIcon;
				INFOPLIST_FILE = test/Info.plist;
				LD_RUNPATH_SEARCH_PATHS = "$(inherited) @executable_path/Frameworks";
				PRODUCT_BUNDLE_IDENTIFIER = dd.test;
				PRODUCT_NAME = "$(TARGET_NAME)";
			};
			name = Debug;
		};
		04E9676C1D250CE200BDB905 /* Release */ = {
			isa = XCBuildConfiguration;
			buildSettings = {
				ASSETCATALOG_COMPILER_APPICON_NAME = AppIcon;
				INFOPLIST_FILE = test/Info.plist;
				LD_RUNPATH_SEARCH_PATHS = "$(inherited) @executable_path/Frameworks";
				PRODUCT_BUNDLE_IDENTIFIER = dd.test;
				PRODUCT_NAME = "$(TARGET_NAME)";
			};
			name = Release;
		};
		04E9676E1D250CE200BDB905 /* Debug */ = {
			isa = XCBuildConfiguration;
			buildSettings = {
				BUNDLE_LOADER = "$(TEST_HOST)";
				INFOPLIST_FILE = testTests/Info.plist;
				LD_RUNPATH_SEARCH_PATHS = "$(inherited) @executable_path/Frameworks @loader_path/Frameworks";
				PRODUCT_BUNDLE_IDENTIFIER = dd.testTests;
				PRODUCT_NAME = "$(TARGET_NAME)";
				TEST_HOST = "$(BUILT_PRODUCTS_DIR)/test.app/test";
			};
			name = Debug;
		};
		04E9676F1D250CE200BDB905 /* Release */ = {
			isa = XCBuildConfiguration;
			buildSettings = {
				BUNDLE_LOADER = "$(TEST_HOST)";
				INFOPLIST_FILE = testTests/Info.plist;
				LD_RUNPATH_SEARCH_PATHS = "$(inherited) @executable_path/Frameworks @loader_path/Frameworks";
				PRODUCT_BUNDLE_IDENTIFIER = dd.testTests;
				PRODUCT_NAME = "$(TARGET_NAME)";
				TEST_HOST = "$(BUILT_PRODUCTS_DIR)/test.app/test";
			};
			name = Release;
		};
		04E967711D250CE200BDB905 /* Debug */ = {
			isa = XCBuildConfiguration;
			buildSettings = {
				INFOPLIST_FILE = testUITests/Info.plist;
				LD_RUNPATH_SEARCH_PATHS = "$(inherited) @executable_path/Frameworks @loader_path/Frameworks";
				PRODUCT_BUNDLE_IDENTIFIER = dd.testUITests;
				PRODUCT_NAME = "$(TARGET_NAME)";
				TEST_TARGET_NAME = test;
				USES_XCTRUNNER = YES;
			};
			name = Debug;
		};
		04E967721D250CE200BDB905 /* Release */ = {
			isa = XCBuildConfiguration;
			buildSettings = {
				INFOPLIST_FILE = testUITests/Info.plist;
				LD_RUNPATH_SEARCH_PATHS = "$(inherited) @executable_path/Frameworks @loader_path/Frameworks";
				PRODUCT_BUNDLE_IDENTIFIER = dd.testUITests;
				PRODUCT_NAME = "$(TARGET_NAME)";
				TEST_TARGET_NAME = test;
				USES_XCTRUNNER = YES;
			};
			name = Release;
		};
/* End XCBuildConfiguration section */

/* Begin XCConfigurationList section */
		04E967381D250CE100BDB905 /* Build configuration list for PBXProject "test" */ = {
			isa = XCConfigurationList;
			buildConfigurations = (
				04E967681D250CE200BDB905 /* Debug */,
				04E967691D250CE200BDB905 /* Release */,
			);
			defaultConfigurationIsVisible = 0;
			defaultConfigurationName = Release;
		};
		04E9676A1D250CE200BDB905 /* Build configuration list for PBXNativeTarget "test" */ = {
			isa = XCConfigurationList;
			buildConfigurations = (
				04E9676B1D250CE200BDB905 /* Debug */,
				04E9676C1D250CE200BDB905 /* Release */,
			);
			defaultConfigurationIsVisible = 0;
		};
		04E9676D1D250CE200BDB905 /* Build configuration list for PBXNativeTarget "testTests" */ = {
			isa = XCConfigurationList;
			buildConfigurations = (
				04E9676E1D250CE200BDB905 /* Debug */,
				04E9676F1D250CE200BDB905 /* Release */,
			);
			defaultConfigurationIsVisible = 0;
		};
		04E967701D250CE200BDB905 /* Build configuration list for PBXNativeTarget "testUITests" */ = {
			isa = XCConfigurationList;
			buildConfigurations = (
				04E967711D250CE200BDB905 /* Debug */,
				04E967721D250CE200BDB905 /* Release */,
			);
			defaultConfigurationIsVisible = 0;
		};
/* End XCConfigurationList section */
	};
	rootObject = 04E967351D250CE100BDB905 /* Project object */;
}
